
Microsoft Visual Studio Solution File, Format Version 12.00
Project("{FAE04EC0-301F-11D3-BF4B-00C04F79EFBC}") = "Infrastructure.SQLLite", "Infrastructure.SQLLite\Infrastructure.SQLLite.csproj", "{3A8D0C91-4151-41DB-AB4B-168E7064DE2D}"
EndProject
Project("{2150E333-8FDC-42A3-9474-1A3956D46DE8}") = "CoreFolder", "CoreFolder", "{5685CCB0-89B7-4EBC-A0D4-23F02BAC6E60}"
EndProject
Project("{FAE04EC0-301F-11D3-BF4B-00C04F79EFBC}") = "Core", "Core\Core.csproj", "{45568090-B06C-4AC8-8894-BB998161B2FA}"
EndProject
Project("{FAE04EC0-301F-11D3-BF4B-00C04F79EFBC}") = "Core.Entity", "Core.Entity\Core.Entity.csproj", "{15924854-35FA-499F-8586-5B8B1949248C}"
EndProject
Project("{2150E333-8FDC-42A3-9474-1A3956D46DE8}") = "WebStoreProject.Infrastructure.SQLLite", "WebStoreProject.Infrastructure.SQLLite", "{4FB33E0A-3C84-45FC-9671-CAA74A95E951}"
EndProject
Project("{2150E333-8FDC-42A3-9474-1A3956D46DE8}") = "UIFolder", "UIFolder", "{525AA200-0879-40C4-B897-0D7409229963}"
EndProject
Project("{FAE04EC0-301F-11D3-BF4B-00C04F79EFBC}") = "RestAPI", "RestAPI\RestAPI.csproj", "{61775DDA-88FB-4EA2-B86E-292CC22F5FAD}"
EndProject
Global
	GlobalSection(SolutionConfigurationPlatforms) = preSolution
		Debug|Any CPU = Debug|Any CPU
		Release|Any CPU = Release|Any CPU
	EndGlobalSection
	GlobalSection(ProjectConfigurationPlatforms) = postSolution
		{3A8D0C91-4151-41DB-AB4B-168E7064DE2D}.Debug|Any CPU.ActiveCfg = Debug|Any CPU
		{3A8D0C91-4151-41DB-AB4B-168E7064DE2D}.Debug|Any CPU.Build.0 = Debug|Any CPU
		{3A8D0C91-4151-41DB-AB4B-168E7064DE2D}.Release|Any CPU.ActiveCfg = Release|Any CPU
		{3A8D0C91-4151-41DB-AB4B-168E7064DE2D}.Release|Any CPU.Build.0 = Release|Any CPU
		{45568090-B06C-4AC8-8894-BB998161B2FA}.Debug|Any CPU.ActiveCfg = Debug|Any CPU
		{45568090-B06C-4AC8-8894-BB998161B2FA}.Debug|Any CPU.Build.0 = Debug|Any CPU
		{45568090-B06C-4AC8-8894-BB998161B2FA}.Release|Any CPU.ActiveCfg = Release|Any CPU
		{45568090-B06C-4AC8-8894-BB998161B2FA}.Release|Any CPU.Build.0 = Release|Any CPU
		{15924854-35FA-499F-8586-5B8B1949248C}.Debug|Any CPU.ActiveCfg = Debug|Any CPU
		{15924854-35FA-499F-8586-5B8B1949248C}.Debug|Any CPU.Build.0 = Debug|Any CPU
		{15924854-35FA-499F-8586-5B8B1949248C}.Release|Any CPU.ActiveCfg = Release|Any CPU
		{15924854-35FA-499F-8586-5B8B1949248C}.Release|Any CPU.Build.0 = Release|Any CPU
		{61775DDA-88FB-4EA2-B86E-292CC22F5FAD}.Debug|Any CPU.ActiveCfg = Debug|Any CPU
		{61775DDA-88FB-4EA2-B86E-292CC22F5FAD}.Debug|Any CPU.Build.0 = Debug|Any CPU
		{61775DDA-88FB-4EA2-B86E-292CC22F5FAD}.Release|Any CPU.ActiveCfg = Release|Any CPU
		{61775DDA-88FB-4EA2-B86E-292CC22F5FAD}.Release|Any CPU.Build.0 = Release|Any CPU
	EndGlobalSection
	GlobalSection(NestedProjects) = preSolution
		{45568090-B06C-4AC8-8894-BB998161B2FA} = {5685CCB0-89B7-4EBC-A0D4-23F02BAC6E60}
		{15924854-35FA-499F-8586-5B8B1949248C} = {5685CCB0-89B7-4EBC-A0D4-23F02BAC6E60}
		{3A8D0C91-4151-41DB-AB4B-168E7064DE2D} = {4FB33E0A-3C84-45FC-9671-CAA74A95E951}
		{61775DDA-88FB-4EA2-B86E-292CC22F5FAD} = {525AA200-0879-40C4-B897-0D7409229963}
	EndGlobalSection
EndGlobal
